
Microsoft Visual Studio Solution File, Format Version 12.00
Project("{FAE04EC0-301F-11D3-BF4B-00C04F79EFBC}") = "SixPlayersLudo", "SixPlayersLudo\SixPlayersLudo.csproj", "{6CE66E31-ED33-485A-B27E-3E9314B49A19}"
EndProject
Project("{FAE04EC0-301F-11D3-BF4B-00C04F79EFBC}") = "SixPlayersLudoTests", "SixPlayersLudoTests\SixPlayersLudoTests.csproj", "{D1330DD5-350C-439B-AB25-D62F85F1C0D3}"
EndProject
Global
	GlobalSection(SolutionConfigurationPlatforms) = preSolution
		Debug|Any CPU = Debug|Any CPU
		Release|Any CPU = Release|Any CPU
	EndGlobalSection
	GlobalSection(ProjectConfigurationPlatforms) = postSolution
		{6CE66E31-ED33-485A-B27E-3E9314B49A19}.Debug|Any CPU.ActiveCfg = Debug|Any CPU
		{6CE66E31-ED33-485A-B27E-3E9314B49A19}.Debug|Any CPU.Build.0 = Debug|Any CPU
		{6CE66E31-ED33-485A-B27E-3E9314B49A19}.Release|Any CPU.ActiveCfg = Release|Any CPU
		{6CE66E31-ED33-485A-B27E-3E9314B49A19}.Release|Any CPU.Build.0 = Release|Any CPU
		{D1330DD5-350C-439B-AB25-D62F85F1C0D3}.Debug|Any CPU.ActiveCfg = Debug|Any CPU
		{D1330DD5-350C-439B-AB25-D62F85F1C0D3}.Debug|Any CPU.Build.0 = Debug|Any CPU
		{D1330DD5-350C-439B-AB25-D62F85F1C0D3}.Release|Any CPU.ActiveCfg = Release|Any CPU
		{D1330DD5-350C-439B-AB25-D62F85F1C0D3}.Release|Any CPU.Build.0 = Release|Any CPU
	EndGlobalSection
EndGlobal
